
Microsoft Visual Studio Solution File, Format Version 12.00
# Visual Studio Version 17
VisualStudioVersion = 17.4.33403.182
MinimumVisualStudioVersion = 10.0.40219.1
Project("{8BC9CEB8-8B4A-11D0-8D11-00A0C91BC942}") = "test_4_8", "test_4_8\test_4_8.vcxproj", "{BD0AD0F1-387D-40F8-A210-D0828722C1D8}"
EndProject
Global
	GlobalSection(SolutionConfigurationPlatforms) = preSolution
		Debug|x64 = Debug|x64
		Debug|x86 = Debug|x86
		Release|x64 = Release|x64
		Release|x86 = Release|x86
	EndGlobalSection
	GlobalSection(ProjectConfigurationPlatforms) = postSolution
		{BD0AD0F1-387D-40F8-A210-D0828722C1D8}.Debug|x64.ActiveCfg = Debug|x64
		{BD0AD0F1-387D-40F8-A210-D0828722C1D8}.Debug|x64.Build.0 = Debug|x64
		{BD0AD0F1-387D-40F8-A210-D0828722C1D8}.Debug|x86.ActiveCfg = Debug|Win32
		{BD0AD0F1-387D-40F8-A210-D0828722C1D8}.Debug|x86.Build.0 = Debug|Win32
		{BD0AD0F1-387D-40F8-A210-D0828722C1D8}.Release|x64.ActiveCfg = Release|x64
		{BD0AD0F1-387D-40F8-A210-D0828722C1D8}.Release|x64.Build.0 = Release|x64
		{BD0AD0F1-387D-40F8-A210-D0828722C1D8}.Release|x86.ActiveCfg = Release|Win32
		{BD0AD0F1-387D-40F8-A210-D0828722C1D8}.Release|x86.Build.0 = Release|Win32
	EndGlobalSection
	GlobalSection(SolutionProperties) = preSolution
		HideSolutionNode = FALSE
	EndGlobalSection
	GlobalSection(ExtensibilityGlobals) = postSolution
		SolutionGuid = {4D24D1E3-C43B-47D8-82C0-EFF1A1C78593}
	EndGlobalSection
EndGlobal
